
Microsoft Visual Studio Solution File, Format Version 12.00
# Visual Studio Version 17
VisualStudioVersion = 17.5.002.0
MinimumVisualStudioVersion = 10.0.40219.1
Project("{9A19103F-16F7-4668-BE54-9A1E7A4F7556}") = "roslyn-compile-and-run", "roslyn-compile-and-run.csproj", "{0853AE39-D05B-4F28-BD3F-02292F4E2ABF}"
EndProject
Global
	GlobalSection(SolutionConfigurationPlatforms) = preSolution
		Debug|Any CPU = Debug|Any CPU
		Release|Any CPU = Release|Any CPU
	EndGlobalSection
	GlobalSection(ProjectConfigurationPlatforms) = postSolution
		{0853AE39-D05B-4F28-BD3F-02292F4E2ABF}.Debug|Any CPU.ActiveCfg = Debug|Any CPU
		{0853AE39-D05B-4F28-BD3F-02292F4E2ABF}.Debug|Any CPU.Build.0 = Debug|Any CPU
		{0853AE39-D05B-4F28-BD3F-02292F4E2ABF}.Release|Any CPU.ActiveCfg = Release|Any CPU
		{0853AE39-D05B-4F28-BD3F-02292F4E2ABF}.Release|Any CPU.Build.0 = Release|Any CPU
	EndGlobalSection
	GlobalSection(SolutionProperties) = preSolution
		HideSolutionNode = FALSE
	EndGlobalSection
	GlobalSection(ExtensibilityGlobals) = postSolution
		SolutionGuid = {A22ECB98-EA8F-4994-89D1-793EB2F2E67E}
	EndGlobalSection
EndGlobal
